
Microsoft Visual Studio Solution File, Format Version 12.00
# Visual Studio 14
VisualStudioVersion = 14.0.24720.0
MinimumVisualStudioVersion = 10.0.40219.1
Project("{FAE04EC0-301F-11D3-BF4B-00C04F79EFBC}") = "ConsoleApplication4", "ConsoleApplication4.csproj", "{A965A9B7-090E-4398-AA91-06B38EEB5CCA}"
EndProject
Project("{FAE04EC0-301F-11D3-BF4B-00C04F79EFBC}") = "DatabaseAbstractions", "DatabaseAbstractions\DatabaseAbstractions.csproj", "{A316A6E9-A95E-4B20-A7CB-41C5070FEA08}"
EndProject
Project("{FAE04EC0-301F-11D3-BF4B-00C04F79EFBC}") = "MongoDbDatabaseImplementation1", "MongoDbDatabaseImplementation1\MongoDbDatabaseImplementation1.csproj", "{2AAFC293-765E-495C-86C2-276EEBF1CCAC}"
EndProject
Global
	GlobalSection(SolutionConfigurationPlatforms) = preSolution
		Debug|Any CPU = Debug|Any CPU
		Release|Any CPU = Release|Any CPU
	EndGlobalSection
	GlobalSection(ProjectConfigurationPlatforms) = postSolution
		{A965A9B7-090E-4398-AA91-06B38EEB5CCA}.Debug|Any CPU.ActiveCfg = Debug|Any CPU
		{A965A9B7-090E-4398-AA91-06B38EEB5CCA}.Debug|Any CPU.Build.0 = Debug|Any CPU
		{A965A9B7-090E-4398-AA91-06B38EEB5CCA}.Release|Any CPU.ActiveCfg = Release|Any CPU
		{A965A9B7-090E-4398-AA91-06B38EEB5CCA}.Release|Any CPU.Build.0 = Release|Any CPU
		{A316A6E9-A95E-4B20-A7CB-41C5070FEA08}.Debug|Any CPU.ActiveCfg = Debug|Any CPU
		{A316A6E9-A95E-4B20-A7CB-41C5070FEA08}.Debug|Any CPU.Build.0 = Debug|Any CPU
		{A316A6E9-A95E-4B20-A7CB-41C5070FEA08}.Release|Any CPU.ActiveCfg = Release|Any CPU
		{A316A6E9-A95E-4B20-A7CB-41C5070FEA08}.Release|Any CPU.Build.0 = Release|Any CPU
		{2AAFC293-765E-495C-86C2-276EEBF1CCAC}.Debug|Any CPU.ActiveCfg = Debug|Any CPU
		{2AAFC293-765E-495C-86C2-276EEBF1CCAC}.Debug|Any CPU.Build.0 = Debug|Any CPU
		{2AAFC293-765E-495C-86C2-276EEBF1CCAC}.Release|Any CPU.ActiveCfg = Release|Any CPU
		{2AAFC293-765E-495C-86C2-276EEBF1CCAC}.Release|Any CPU.Build.0 = Release|Any CPU
	EndGlobalSection
	GlobalSection(SolutionProperties) = preSolution
		HideSolutionNode = FALSE
	EndGlobalSection
EndGlobal
